
Microsoft Visual Studio Solution File, Format Version 12.00
# Visual Studio Version 17
VisualStudioVersion = 17.9.34622.214
MinimumVisualStudioVersion = 10.0.40219.1
Project("{8BC9CEB8-8B4A-11D0-8D11-00A0C91BC942}") = "dune1.5", "dune1.5\dune1.5.vcxproj", "{B3F3C760-A751-4D4A-91F2-EEE5AE265F59}"
EndProject
Global
	GlobalSection(SolutionConfigurationPlatforms) = preSolution
		Debug|x64 = Debug|x64
		Debug|x86 = Debug|x86
		Release|x64 = Release|x64
		Release|x86 = Release|x86
	EndGlobalSection
	GlobalSection(ProjectConfigurationPlatforms) = postSolution
		{B3F3C760-A751-4D4A-91F2-EEE5AE265F59}.Debug|x64.ActiveCfg = Debug|x64
		{B3F3C760-A751-4D4A-91F2-EEE5AE265F59}.Debug|x64.Build.0 = Debug|x64
		{B3F3C760-A751-4D4A-91F2-EEE5AE265F59}.Debug|x86.ActiveCfg = Debug|Win32
		{B3F3C760-A751-4D4A-91F2-EEE5AE265F59}.Debug|x86.Build.0 = Debug|Win32
		{B3F3C760-A751-4D4A-91F2-EEE5AE265F59}.Release|x64.ActiveCfg = Release|x64
		{B3F3C760-A751-4D4A-91F2-EEE5AE265F59}.Release|x64.Build.0 = Release|x64
		{B3F3C760-A751-4D4A-91F2-EEE5AE265F59}.Release|x86.ActiveCfg = Release|Win32
		{B3F3C760-A751-4D4A-91F2-EEE5AE265F59}.Release|x86.Build.0 = Release|Win32
	EndGlobalSection
	GlobalSection(SolutionProperties) = preSolution
		HideSolutionNode = FALSE
	EndGlobalSection
	GlobalSection(ExtensibilityGlobals) = postSolution
		SolutionGuid = {92CA8AA8-1557-499E-8609-4F05E3AA173F}
	EndGlobalSection
EndGlobal
